
Microsoft Visual Studio Solution File, Format Version 12.00
# Visual Studio Version 16
VisualStudioVersion = 16.0.29613.14
MinimumVisualStudioVersion = 10.0.40219.1
Project("{FAE04EC0-301F-11D3-BF4B-00C04F79EFBC}") = "PruebaConexion", "PruebaConexion\PruebaConexion.csproj", "{86CEC504-A981-4D7B-8330-7CADDCEAF042}"
EndProject
Global
	GlobalSection(SolutionConfigurationPlatforms) = preSolution
		Debug|Any CPU = Debug|Any CPU
		Release|Any CPU = Release|Any CPU
	EndGlobalSection
	GlobalSection(ProjectConfigurationPlatforms) = postSolution
		{86CEC504-A981-4D7B-8330-7CADDCEAF042}.Debug|Any CPU.ActiveCfg = Debug|Any CPU
		{86CEC504-A981-4D7B-8330-7CADDCEAF042}.Debug|Any CPU.Build.0 = Debug|Any CPU
		{86CEC504-A981-4D7B-8330-7CADDCEAF042}.Release|Any CPU.ActiveCfg = Release|Any CPU
		{86CEC504-A981-4D7B-8330-7CADDCEAF042}.Release|Any CPU.Build.0 = Release|Any CPU
	EndGlobalSection
	GlobalSection(SolutionProperties) = preSolution
		HideSolutionNode = FALSE
	EndGlobalSection
	GlobalSection(ExtensibilityGlobals) = postSolution
		SolutionGuid = {29F3E137-990F-44C2-B3A5-57CFCBF20407}
	EndGlobalSection
EndGlobal
